
Microsoft Visual Studio Solution File, Format Version 12.00
# Visual Studio Version 17
VisualStudioVersion = 17.13.35931.197 d17.13
MinimumVisualStudioVersion = 10.0.40219.1
Project("{FAE04EC0-301F-11D3-BF4B-00C04F79EFBC}") = "OgrenciKayit", "OgrenciKayit\OgrenciKayit.csproj", "{238D2F63-6E0F-4FE1-A531-617E778F30BD}"
EndProject
Global
	GlobalSection(SolutionConfigurationPlatforms) = preSolution
		Debug|Any CPU = Debug|Any CPU
		Release|Any CPU = Release|Any CPU
	EndGlobalSection
	GlobalSection(ProjectConfigurationPlatforms) = postSolution
		{238D2F63-6E0F-4FE1-A531-617E778F30BD}.Debug|Any CPU.ActiveCfg = Debug|Any CPU
		{238D2F63-6E0F-4FE1-A531-617E778F30BD}.Debug|Any CPU.Build.0 = Debug|Any CPU
		{238D2F63-6E0F-4FE1-A531-617E778F30BD}.Release|Any CPU.ActiveCfg = Release|Any CPU
		{238D2F63-6E0F-4FE1-A531-617E778F30BD}.Release|Any CPU.Build.0 = Release|Any CPU
	EndGlobalSection
	GlobalSection(SolutionProperties) = preSolution
		HideSolutionNode = FALSE
	EndGlobalSection
	GlobalSection(ExtensibilityGlobals) = postSolution
		SolutionGuid = {1F50182E-392F-4B6F-9DA5-56940746C718}
	EndGlobalSection
EndGlobal
